
Microsoft Visual Studio Solution File, Format Version 12.00
# Visual Studio Version 16
VisualStudioVersion = 16.0.31005.135
MinimumVisualStudioVersion = 10.0.40219.1
Project("{FAE04EC0-301F-11D3-BF4B-00C04F79EFBC}") = "LongestWordInString", "LongestWordInString\LongestWordInString.csproj", "{3A8E1C40-80CD-451F-B208-26F0E7323DF4}"
EndProject
Global
	GlobalSection(SolutionConfigurationPlatforms) = preSolution
		Debug|Any CPU = Debug|Any CPU
		Release|Any CPU = Release|Any CPU
	EndGlobalSection
	GlobalSection(ProjectConfigurationPlatforms) = postSolution
		{3A8E1C40-80CD-451F-B208-26F0E7323DF4}.Debug|Any CPU.ActiveCfg = Debug|Any CPU
		{3A8E1C40-80CD-451F-B208-26F0E7323DF4}.Debug|Any CPU.Build.0 = Debug|Any CPU
		{3A8E1C40-80CD-451F-B208-26F0E7323DF4}.Release|Any CPU.ActiveCfg = Release|Any CPU
		{3A8E1C40-80CD-451F-B208-26F0E7323DF4}.Release|Any CPU.Build.0 = Release|Any CPU
	EndGlobalSection
	GlobalSection(SolutionProperties) = preSolution
		HideSolutionNode = FALSE
	EndGlobalSection
	GlobalSection(ExtensibilityGlobals) = postSolution
		SolutionGuid = {D9EAF8B1-3EE3-484E-93D7-4142D8E04597}
	EndGlobalSection
EndGlobal
